
Microsoft Visual Studio Solution File, Format Version 12.00
# Visual Studio Version 17
VisualStudioVersion = 17.6.33829.357
MinimumVisualStudioVersion = 10.0.40219.1
Project("{FAE04EC0-301F-11D3-BF4B-00C04F79EFBC}") = "shopmgmt", "shopmgmt\shopmgmt.csproj", "{F2AEB025-D60B-4129-B0FD-E59F897119C5}"
EndProject
Global
	GlobalSection(SolutionConfigurationPlatforms) = preSolution
		Debug|Any CPU = Debug|Any CPU
		Release|Any CPU = Release|Any CPU
	EndGlobalSection
	GlobalSection(ProjectConfigurationPlatforms) = postSolution
		{F2AEB025-D60B-4129-B0FD-E59F897119C5}.Debug|Any CPU.ActiveCfg = Debug|Any CPU
		{F2AEB025-D60B-4129-B0FD-E59F897119C5}.Debug|Any CPU.Build.0 = Debug|Any CPU
		{F2AEB025-D60B-4129-B0FD-E59F897119C5}.Release|Any CPU.ActiveCfg = Release|Any CPU
		{F2AEB025-D60B-4129-B0FD-E59F897119C5}.Release|Any CPU.Build.0 = Release|Any CPU
	EndGlobalSection
	GlobalSection(SolutionProperties) = preSolution
		HideSolutionNode = FALSE
	EndGlobalSection
	GlobalSection(ExtensibilityGlobals) = postSolution
		SolutionGuid = {6A40651A-FD92-4885-BC6E-775D094F8766}
	EndGlobalSection
EndGlobal
